{
    "name": "roon-extension-ikea-tradfri",
    "version": "0.0.14",
    "lockfileVersion": 3,
    "requires": true,
    "packages": {
        "": {
            "name": "roon-extension-ikea-tradfri",
            "version": "0.0.14",
            "license": "Apache-2.0",
            "dependencies": {
                "@anujdatar/appconfig": "^2.2.0",
                "bonjour-service": "^1.2.1",
                "delay": "^7.0.0",
                "fs": "",
                "node-roon-api": "github:roonlabs/node-roon-api",
                "node-roon-api-settings": "github:roonlabs/node-roon-api-settings",
                "node-roon-api-status": "github:roonlabs/node-roon-api-status",
                "node-roon-api-transport": "github:roonlabs/node-roon-api-transport",
                "node-tradfri-client": "github:HasseJohansen/node-tradfri-client",
                "path": "^0.12.7"
            }
        },
        "node_modules/@anujdatar/appconfig": {
            "version": "2.2.0",
            "resolved": "https://registry.npmjs.org/@anujdatar/appconfig/-/appconfig-2.2.0.tgz",
            "integrity": "sha512-Xni2hAyZ0yxRrtgWZZ+gZR8NWMixdl3iUA2SZPH0TNyYd25UNkcl2woBC8cHBTUADaIKvmJZtYgVl/vG4NqbBQ==",
            "dependencies": {
                "dot-prop": "^6.0.1",
                "env-paths": "^2.2.0",
                "pkg-up": "^3.1.0"
            }
        },
        "node_modules/alcalzone-shared": {
            "version": "4.0.8",
            "resolved": "https://registry.npmjs.org/alcalzone-shared/-/alcalzone-shared-4.0.8.tgz",
            "integrity": "sha512-Rr0efCjNL9lw7miDvU8exL87Y42ehsLU2jUGNQUphhnlvxnTMrHeApWgoOSGZvsE2PhxC3KO7Z+VpQ/IbuV3aA==",
            "dependencies": {
                "debug": "^4.3.4"
            },
            "engines": {
                "node": ">=12"
            }
        },
        "node_modules/bonjour-service": {
            "version": "1.3.0",
            "resolved": "https://registry.npmjs.org/bonjour-service/-/bonjour-service-1.3.0.tgz",
            "integrity": "sha512-3YuAUiSkWykd+2Azjgyxei8OWf8thdn8AITIog2M4UICzoqfjlqr64WIjEXZllf/W6vK1goqleSR6brGomxQqA==",
            "license": "MIT",
            "dependencies": {
                "fast-deep-equal": "^3.1.3",
                "multicast-dns": "^7.2.5"
            }
        },
        "node_modules/debug": {
            "version": "4.3.4",
            "resolved": "https://registry.npmjs.org/debug/-/debug-4.3.4.tgz",
            "integrity": "sha512-PRWFHuSU3eDtQJPvnNY7Jcket1j0t5OuOsFzPPzsekD52Zl8qUfFIPEiswXqIvHWGVHOgX+7G/vCNNhehwxfkQ==",
            "dependencies": {
                "ms": "2.1.2"
            },
            "engines": {
                "node": ">=6.0"
            },
            "peerDependenciesMeta": {
                "supports-color": {
                    "optional": true
                }
            }
        },
        "node_modules/delay": {
            "version": "7.0.0",
            "resolved": "https://registry.npmjs.org/delay/-/delay-7.0.0.tgz",
            "integrity": "sha512-C3vaGs818qzZjCvVJ98GQUMVyWeg7dr5w2Nwwb2t5K8G98jOyyVO2ti2bKYk5yoYElqH3F2yA53ykuEnwD6MCg==",
            "license": "MIT",
            "dependencies": {
                "random-int": "^3.1.0",
                "unlimited-timeout": "^0.1.0"
            },
            "engines": {
                "node": ">=20"
            },
            "funding": {
                "url": "https://github.com/sponsors/sindresorhus"
            }
        },
        "node_modules/dns-packet": {
            "version": "5.2.4",
            "resolved": "https://registry.npmjs.org/dns-packet/-/dns-packet-5.2.4.tgz",
            "integrity": "sha512-vgu5Bx5IV8mXmh/9cn1lzn+J7okFlXe1vBRp+kCBJXg1nBED6Z/Q4e+QaDxQRSozMr14p/VQmdXwsf/I2wGjUA==",
            "dependencies": {
                "ip": "^1.1.5"
            },
            "engines": {
                "node": ">=6"
            }
        },
        "node_modules/dot-prop": {
            "version": "6.0.1",
            "resolved": "https://registry.npmjs.org/dot-prop/-/dot-prop-6.0.1.tgz",
            "integrity": "sha512-tE7ztYzXHIeyvc7N+hR3oi7FIbf/NIjVP9hmAt3yMXzrQ072/fpjGLx2GxNxGxUl5V73MEqYzioOMoVhGMJ5cA==",
            "dependencies": {
                "is-obj": "^2.0.0"
            },
            "engines": {
                "node": ">=10"
            },
            "funding": {
                "url": "https://github.com/sponsors/sindresorhus"
            }
        },
        "node_modules/env-paths": {
            "version": "2.2.1",
            "resolved": "https://registry.npmjs.org/env-paths/-/env-paths-2.2.1.tgz",
            "integrity": "sha512-+h1lkLKhZMTYjog1VEpJNG7NZJWcuc2DDk/qsqSTRRCOXiLjeQ1d1/udrUGhqMxUgAlwKNZ0cf2uqan5GLuS2A==",
            "engines": {
                "node": ">=6"
            }
        },
        "node_modules/fast-deep-equal": {
            "version": "3.1.3",
            "resolved": "https://registry.npmjs.org/fast-deep-equal/-/fast-deep-equal-3.1.3.tgz",
            "integrity": "sha512-f3qQ9oQy9j2AhBe/H9VC91wLmKBCCU/gDOnKNAYG5hswO7BLKj09Hc5HYNz9cGI++xlpDCIgDaitVs03ATR84Q=="
        },
        "node_modules/find-up": {
            "version": "3.0.0",
            "resolved": "https://registry.npmjs.org/find-up/-/find-up-3.0.0.tgz",
            "integrity": "sha512-1yD6RmLI1XBfxugvORwlck6f75tYL+iR0jqwsOrOxMZyGYqUuDhJ0l4AXdO1iX/FTs9cBAMEk1gWSEx1kSbylg==",
            "dependencies": {
                "locate-path": "^3.0.0"
            },
            "engines": {
                "node": ">=6"
            }
        },
        "node_modules/fs": {
            "version": "0.0.1-security",
            "resolved": "https://registry.npmjs.org/fs/-/fs-0.0.1-security.tgz",
            "integrity": "sha512-3XY9e1pP0CVEUCdj5BmfIZxRBTSDycnbqhIOGec9QYtmVH2fbLpj86CFWkrNOkt/Fvty4KZG5lTglL9j/gJ87w=="
        },
        "node_modules/ip": {
            "version": "1.1.9",
            "resolved": "https://registry.npmjs.org/ip/-/ip-1.1.9.tgz",
            "integrity": "sha512-cyRxvOEpNHNtchU3Ln9KC/auJgup87llfQpQ+t5ghoC/UhL16SWzbueiCsdTnWmqAWl7LadfuwhlqmtOaqMHdQ=="
        },
        "node_modules/is-obj": {
            "version": "2.0.0",
            "resolved": "https://registry.npmjs.org/is-obj/-/is-obj-2.0.0.tgz",
            "integrity": "sha512-drqDG3cbczxxEJRoOXcOjtdp1J/lyp1mNn0xaznRs8+muBhgQcrnbspox5X5fOw0HnMnbfDzvnEMEtqDEJEo8w==",
            "engines": {
                "node": ">=8"
            }
        },
        "node_modules/locate-path": {
            "version": "3.0.0",
            "resolved": "https://registry.npmjs.org/locate-path/-/locate-path-3.0.0.tgz",
            "integrity": "sha512-7AO748wWnIhNqAuaty2ZWHkQHRSNfPVIsPIfwEOWO22AmaoVrWavlOcMR5nzTLNYvp36X220/maaRsrec1G65A==",
            "dependencies": {
                "p-locate": "^3.0.0",
                "path-exists": "^3.0.0"
            },
            "engines": {
                "node": ">=6"
            }
        },
        "node_modules/lru-cache": {
            "version": "6.0.0",
            "resolved": "https://registry.npmjs.org/lru-cache/-/lru-cache-6.0.0.tgz",
            "integrity": "sha512-Jo6dJ04CmSjuznwJSS3pUeWmd/H0ffTlkXXgwZi+eq1UCmqQwCh+eLsYOYCwY991i2Fah4h1BEMCx4qThGbsiA==",
            "dependencies": {
                "yallist": "^4.0.0"
            },
            "engines": {
                "node": ">=10"
            }
        },
        "node_modules/ms": {
            "version": "2.1.2",
            "resolved": "https://registry.npmjs.org/ms/-/ms-2.1.2.tgz",
            "integrity": "sha512-sGkPx+VjMtmA6MX27oA4FBFELFCZZ4S4XqeGOXCv68tT+jb3vk/RyaKWP0PTKyWtmLSM0b+adUTEvbs1PEaH2w=="
        },
        "node_modules/multicast-dns": {
            "version": "7.2.5",
            "resolved": "https://registry.npmjs.org/multicast-dns/-/multicast-dns-7.2.5.tgz",
            "integrity": "sha512-2eznPJP8z2BFLX50tf0LuODrpINqP1RVIm/CObbTcBRITQgmC/TjcREF1NeTBzIcR5XO/ukWo+YHOjBbFwIupg==",
            "dependencies": {
                "dns-packet": "^5.2.2",
                "thunky": "^1.0.2"
            },
            "bin": {
                "multicast-dns": "cli.js"
            }
        },
        "node_modules/node-aead-crypto": {
            "version": "3.0.1",
            "resolved": "https://registry.npmjs.org/node-aead-crypto/-/node-aead-crypto-3.0.1.tgz",
            "integrity": "sha512-z1PSiyueg0Demr4iLJ5pqoB1NDP9OsBrsSiGGNx3GaQDBOWY2wyVjS4xRCPiWEN/yu3pgb2PklqaksW1Z4L8aw==",
            "optional": true,
            "engines": {
                "node": ">= 10"
            },
            "optionalDependencies": {
                "node-aead-crypto-android-arm-eabi": "3.0.1",
                "node-aead-crypto-android-arm64": "3.0.1",
                "node-aead-crypto-darwin-arm64": "3.0.1",
                "node-aead-crypto-darwin-universal": "3.0.1",
                "node-aead-crypto-darwin-x64": "3.0.1",
                "node-aead-crypto-linux-arm-gnueabihf": "3.0.1",
                "node-aead-crypto-linux-arm64-gnu": "3.0.1",
                "node-aead-crypto-linux-arm64-musl": "3.0.1",
                "node-aead-crypto-linux-x64-gnu": "3.0.1",
                "node-aead-crypto-linux-x64-musl": "3.0.1",
                "node-aead-crypto-win32-arm64-msvc": "3.0.1",
                "node-aead-crypto-win32-ia32-msvc": "3.0.1",
                "node-aead-crypto-win32-x64-msvc": "3.0.1"
            }
        },
        "node_modules/node-aead-crypto-android-arm-eabi": {
            "version": "3.0.1",
            "resolved": "https://registry.npmjs.org/node-aead-crypto-android-arm-eabi/-/node-aead-crypto-android-arm-eabi-3.0.1.tgz",
            "integrity": "sha512-bIAOQpwVPiAdi558WCOtbRQxjdQaQysLB12zzgb4LxXzNelNfQCx7gl/lBtQtsDd+MXTWW/acURM9X8c0Y627Q==",
            "cpu": [
                "arm"
            ],
            "optional": true,
            "os": [
                "android"
            ],
            "engines": {
                "node": ">= 10"
            }
        },
        "node_modules/node-aead-crypto-android-arm64": {
            "version": "3.0.1",
            "resolved": "https://registry.npmjs.org/node-aead-crypto-android-arm64/-/node-aead-crypto-android-arm64-3.0.1.tgz",
            "integrity": "sha512-EzKow9IduaOatF1hxoi2aNu+a70q7LtVVs/H04VcUBe93FbSuLRtSSOnEmvwwBProz2FV9Y0WhFrAbM+ruRXbA==",
            "cpu": [
                "arm64"
            ],
            "optional": true,
            "os": [
                "android"
            ],
            "engines": {
                "node": ">= 10"
            }
        },
        "node_modules/node-aead-crypto-darwin-arm64": {
            "version": "3.0.1",
            "resolved": "https://registry.npmjs.org/node-aead-crypto-darwin-arm64/-/node-aead-crypto-darwin-arm64-3.0.1.tgz",
            "integrity": "sha512-qb5jCE5xfKWJGNwFGhzpcdEZf16RDXOpHu2zckM1rZw4xpfZpSaIzU5J6mBTHzuYfQJrpQSj/sZPuFGIjqEvBA==",
            "cpu": [
                "arm64"
            ],
            "optional": true,
            "os": [
                "darwin"
            ],
            "engines": {
                "node": ">= 10"
            }
        },
        "node_modules/node-aead-crypto-darwin-universal": {
            "version": "3.0.1",
            "resolved": "https://registry.npmjs.org/node-aead-crypto-darwin-universal/-/node-aead-crypto-darwin-universal-3.0.1.tgz",
            "integrity": "sha512-0v44Z90wONd3B9KLPMWDi7p5IZLQUPBY27X9k2R9ZBuIgK00Zkyfd995xgaHeLPN8VLiddg5UmqdOISY88reMQ==",
            "optional": true,
            "os": [
                "darwin"
            ],
            "engines": {
                "node": ">= 10"
            }
        },
        "node_modules/node-aead-crypto-darwin-x64": {
            "version": "3.0.1",
            "resolved": "https://registry.npmjs.org/node-aead-crypto-darwin-x64/-/node-aead-crypto-darwin-x64-3.0.1.tgz",
            "integrity": "sha512-Co6T1sb9R0W6uxlDwnLRlmCP2+5ZKYlQYAY5cWMaTC3RApZY2Qz7GlsK3+6hBaGr8iu4BG2Qdvb5gpS9A9ngLQ==",
            "cpu": [
                "x64"
            ],
            "optional": true,
            "os": [
                "darwin"
            ],
            "engines": {
                "node": ">= 10"
            }
        },
        "node_modules/node-aead-crypto-linux-arm-gnueabihf": {
            "version": "3.0.1",
            "resolved": "https://registry.npmjs.org/node-aead-crypto-linux-arm-gnueabihf/-/node-aead-crypto-linux-arm-gnueabihf-3.0.1.tgz",
            "integrity": "sha512-5sZobc1hqIQyULpaOVXw6Q+UIgMRIX3/CzHrCvvmWdc9LXG7ZZ7jzv5F8uTXBtJMXBVm3JdmD5bcu80uy9hfPg==",
            "cpu": [
                "arm"
            ],
            "optional": true,
            "os": [
                "linux"
            ],
            "engines": {
                "node": ">= 10"
            }
        },
        "node_modules/node-aead-crypto-linux-arm64-gnu": {
            "version": "3.0.1",
            "resolved": "https://registry.npmjs.org/node-aead-crypto-linux-arm64-gnu/-/node-aead-crypto-linux-arm64-gnu-3.0.1.tgz",
            "integrity": "sha512-cieHU0schCllZlDj54SKlYYknZSqBB83K44mFrIjfA/QLo1LQ5vgzpL7xZZLYe82HdcHRtVBLn9zfl1rtb3x+w==",
            "cpu": [
                "arm64"
            ],
            "optional": true,
            "os": [
                "linux"
            ],
            "engines": {
                "node": ">= 10"
            }
        },
        "node_modules/node-aead-crypto-linux-arm64-musl": {
            "version": "3.0.1",
            "resolved": "https://registry.npmjs.org/node-aead-crypto-linux-arm64-musl/-/node-aead-crypto-linux-arm64-musl-3.0.1.tgz",
            "integrity": "sha512-NU2gUYA4cueaxXtULB4h+a85UIHLB6oH7lt9qHNSQtWkFesoQSUBStmzukX75zhNBI7tvi1Z+jukUrOPYe2ixQ==",
            "cpu": [
                "arm64"
            ],
            "optional": true,
            "os": [
                "linux"
            ],
            "engines": {
                "node": ">= 10"
            }
        },
        "node_modules/node-aead-crypto-linux-x64-gnu": {
            "version": "3.0.1",
            "resolved": "https://registry.npmjs.org/node-aead-crypto-linux-x64-gnu/-/node-aead-crypto-linux-x64-gnu-3.0.1.tgz",
            "integrity": "sha512-KK+JrrtagnpzBsOofLE+kAf5reB5LGllh1Sdxknccg0e9oQEsL5dzTCjof5iMSdKZEBBKGrWxftMl8UxAR56Jg==",
            "cpu": [
                "x64"
            ],
            "optional": true,
            "os": [
                "linux"
            ],
            "engines": {
                "node": ">= 10"
            }
        },
        "node_modules/node-aead-crypto-linux-x64-musl": {
            "version": "3.0.1",
            "resolved": "https://registry.npmjs.org/node-aead-crypto-linux-x64-musl/-/node-aead-crypto-linux-x64-musl-3.0.1.tgz",
            "integrity": "sha512-CniTRbq1q+qaN2a0MB3PYZZVYVl7rS54MxT9gMaOBEd7KuG5dXry7G/cwwbJ0oR3Agjyt2mTWcW36SjJPudKXw==",
            "cpu": [
                "x64"
            ],
            "optional": true,
            "os": [
                "linux"
            ],
            "engines": {
                "node": ">= 10"
            }
        },
        "node_modules/node-aead-crypto-win32-arm64-msvc": {
            "version": "3.0.1",
            "resolved": "https://registry.npmjs.org/node-aead-crypto-win32-arm64-msvc/-/node-aead-crypto-win32-arm64-msvc-3.0.1.tgz",
            "integrity": "sha512-zDpx5flNM+v9rwN1qwtHudubEqTDtALkL6aCX+KwBG2uccV/PNFsy9imCDyLT86A/7D+U6WPZCpafZgN+w2aBg==",
            "cpu": [
                "arm64"
            ],
            "optional": true,
            "os": [
                "win32"
            ],
            "engines": {
                "node": ">= 10"
            }
        },
        "node_modules/node-aead-crypto-win32-ia32-msvc": {
            "version": "3.0.1",
            "resolved": "https://registry.npmjs.org/node-aead-crypto-win32-ia32-msvc/-/node-aead-crypto-win32-ia32-msvc-3.0.1.tgz",
            "integrity": "sha512-XD3iIsFG4kWn+XT3PabblNmejS3rNjKAkihCM6R1nPHpGLZFKOPpkummRBi0dWs3s01cV6jx59YG2r1FsZwJ0g==",
            "cpu": [
                "ia32"
            ],
            "optional": true,
            "os": [
                "win32"
            ],
            "engines": {
                "node": ">= 10"
            }
        },
        "node_modules/node-aead-crypto-win32-x64-msvc": {
            "version": "3.0.1",
            "resolved": "https://registry.npmjs.org/node-aead-crypto-win32-x64-msvc/-/node-aead-crypto-win32-x64-msvc-3.0.1.tgz",
            "integrity": "sha512-I2rehJKYEDXlA2uf3Z/Cnjtg74ClO3cjZhpW/SVKHGfSnxSvLK7BJ3yNAV6x+XpaHBYJMlRvWZqnHqgaHuxWUA==",
            "cpu": [
                "x64"
            ],
            "optional": true,
            "os": [
                "win32"
            ],
            "engines": {
                "node": ">= 10"
            }
        },
        "node_modules/node-coap-client": {
            "version": "2.1.0",
            "resolved": "https://registry.npmjs.org/node-coap-client/-/node-coap-client-2.1.0.tgz",
            "integrity": "sha512-HwD6I83vyWRcun2En/hy/mG+M29RQiy3odvSRdNQCXugEDfS9CuQMA6Uc0ZLoIbsCGzAwJCbFBqenLNGAbflbQ==",
            "dependencies": {
                "debug": "^4.3.4",
                "node-dtls-client": "^1.1.1"
            },
            "engines": {
                "node": ">=12"
            }
        },
        "node_modules/node-dtls-client": {
            "version": "1.1.1",
            "resolved": "https://registry.npmjs.org/node-dtls-client/-/node-dtls-client-1.1.1.tgz",
            "integrity": "sha512-kwQ8j5OW/cWCcLeFbUC8dyXXXMYetfIFC132wK8BzaUVr7izKWVeVrbYhUsl7yLh+qCrhf+bI3+fu2viTIJajA==",
            "dependencies": {
                "debug": "^4.3.4",
                "semver": "^7.3.7"
            },
            "engines": {
                "node": ">=12"
            },
            "optionalDependencies": {
                "node-aead-crypto": "^3.0.1"
            }
        },
        "node_modules/node-roon-api": {
            "version": "1.2.2",
            "resolved": "git+ssh://git@github.com/roonlabs/node-roon-api.git#b09c875738360a9413518a8a51ac70294745a926",
            "license": "Apache-2.0",
            "dependencies": {
                "ip": "^1.1.3",
                "node-uuid": "^1.4.7",
                "ws": ">=3.3.1"
            }
        },
        "node_modules/node-roon-api-settings": {
            "version": "1.0.0",
            "resolved": "git+ssh://git@github.com/roonlabs/node-roon-api-settings.git#67cd8ca156c5bcd01ea63833ceaaec6d6a79654d",
            "license": "Apache-2.0"
        },
        "node_modules/node-roon-api-status": {
            "version": "1.0.0",
            "resolved": "git+ssh://git@github.com/roonlabs/node-roon-api-status.git#504c918d6da267e03fbb4337befa71ca3d3c7526",
            "license": "Apache-2.0"
        },
        "node_modules/node-roon-api-transport": {
            "version": "2.0.1",
            "resolved": "git+ssh://git@github.com/roonlabs/node-roon-api-transport.git#2ee60008a4cdb90c34ff3de58bb4b949067f1d20",
            "license": "Apache-2.0"
        },
        "node_modules/node-tradfri-client": {
            "version": "4.0.0",
            "resolved": "git+ssh://git@github.com/HasseJohansen/node-tradfri-client.git#67d33212a7ad2fc8db703b107197a679e42cdee0",
            "license": "MIT",
            "dependencies": {
                "alcalzone-shared": "^4.0.8",
                "bonjour-service": "^1.2.1",
                "debug": "^4.3.4",
                "node-coap-client": "^2.1.0",
                "reflect-metadata": "^0.1.13"
            },
            "engines": {
                "node": ">=12"
            }
        },
        "node_modules/node-uuid": {
            "version": "1.4.8",
            "resolved": "https://registry.npmjs.org/node-uuid/-/node-uuid-1.4.8.tgz",
            "integrity": "sha1-sEDrCSOWivq/jTL7HxfxFn/auQc=",
            "deprecated": "Use uuid module instead",
            "bin": {
                "uuid": "bin/uuid"
            }
        },
        "node_modules/p-limit": {
            "version": "2.3.0",
            "resolved": "https://registry.npmjs.org/p-limit/-/p-limit-2.3.0.tgz",
            "integrity": "sha512-//88mFWSJx8lxCzwdAABTJL2MyWB12+eIY7MDL2SqLmAkeKU9qxRvWuSyTjm3FUmpBEMuFfckAIqEaVGUDxb6w==",
            "dependencies": {
                "p-try": "^2.0.0"
            },
            "engines": {
                "node": ">=6"
            },
            "funding": {
                "url": "https://github.com/sponsors/sindresorhus"
            }
        },
        "node_modules/p-locate": {
            "version": "3.0.0",
            "resolved": "https://registry.npmjs.org/p-locate/-/p-locate-3.0.0.tgz",
            "integrity": "sha512-x+12w/To+4GFfgJhBEpiDcLozRJGegY+Ei7/z0tSLkMmxGZNybVMSfWj9aJn8Z5Fc7dBUNJOOVgPv2H7IwulSQ==",
            "dependencies": {
                "p-limit": "^2.0.0"
            },
            "engines": {
                "node": ">=6"
            }
        },
        "node_modules/p-try": {
            "version": "2.2.0",
            "resolved": "https://registry.npmjs.org/p-try/-/p-try-2.2.0.tgz",
            "integrity": "sha512-R4nPAVTAU0B9D35/Gk3uJf/7XYbQcyohSKdvAxIRSNghFl4e71hVoGnBNQz9cWaXxO2I10KTC+3jMdvvoKw6dQ==",
            "engines": {
                "node": ">=6"
            }
        },
        "node_modules/path": {
            "version": "0.12.7",
            "resolved": "https://registry.npmjs.org/path/-/path-0.12.7.tgz",
            "integrity": "sha1-1NwqUGxM4hl+tIHr/NWzbAFAsQ8=",
            "dependencies": {
                "process": "^0.11.1",
                "util": "^0.10.3"
            }
        },
        "node_modules/path-exists": {
            "version": "3.0.0",
            "resolved": "https://registry.npmjs.org/path-exists/-/path-exists-3.0.0.tgz",
            "integrity": "sha1-zg6+ql94yxiSXqfYENe1mwEP1RU=",
            "engines": {
                "node": ">=4"
            }
        },
        "node_modules/pkg-up": {
            "version": "3.1.0",
            "resolved": "https://registry.npmjs.org/pkg-up/-/pkg-up-3.1.0.tgz",
            "integrity": "sha512-nDywThFk1i4BQK4twPQ6TA4RT8bDY96yeuCVBWL3ePARCiEKDRSrNGbFIgUJpLp+XeIR65v8ra7WuJOFUBtkMA==",
            "dependencies": {
                "find-up": "^3.0.0"
            },
            "engines": {
                "node": ">=8"
            }
        },
        "node_modules/process": {
            "version": "0.11.10",
            "resolved": "https://registry.npmjs.org/process/-/process-0.11.10.tgz",
            "integrity": "sha1-czIwDoQBYb2j5podHZGn1LwW8YI=",
            "engines": {
                "node": ">= 0.6.0"
            }
        },
        "node_modules/random-int": {
            "version": "3.1.0",
            "resolved": "https://registry.npmjs.org/random-int/-/random-int-3.1.0.tgz",
            "integrity": "sha512-h8CRz8cpvzj0hC/iH/1Gapgcl2TQ6xtnCpyOI5WvWfXf/yrDx2DOU+tD9rX23j36IF11xg1KqB9W11Z18JPMdw==",
            "license": "MIT",
            "engines": {
                "node": ">=12"
            },
            "funding": {
                "url": "https://github.com/sponsors/sindresorhus"
            }
        },
        "node_modules/reflect-metadata": {
            "version": "0.1.13",
            "resolved": "https://registry.npmjs.org/reflect-metadata/-/reflect-metadata-0.1.13.tgz",
            "integrity": "sha512-Ts1Y/anZELhSsjMcU605fU9RE4Oi3p5ORujwbIKXfWa+0Zxs510Qrmrce5/Jowq3cHSZSJqBjypxmHarc+vEWg=="
        },
        "node_modules/semver": {
            "version": "7.6.0",
            "resolved": "https://registry.npmjs.org/semver/-/semver-7.6.0.tgz",
            "integrity": "sha512-EnwXhrlwXMk9gKu5/flx5sv/an57AkRplG3hTK68W7FRDN+k+OWBj65M7719OkA82XLBxrcX0KSHj+X5COhOVg==",
            "dependencies": {
                "lru-cache": "^6.0.0"
            },
            "bin": {
                "semver": "bin/semver.js"
            },
            "engines": {
                "node": ">=10"
            }
        },
        "node_modules/thunky": {
            "version": "1.1.0",
            "resolved": "https://registry.npmjs.org/thunky/-/thunky-1.1.0.tgz",
            "integrity": "sha512-eHY7nBftgThBqOyHGVN+l8gF0BucP09fMo0oO/Lb0w1OF80dJv+lDVpXG60WMQvkcxAkNybKsrEIE3ZtKGmPrA=="
        },
        "node_modules/unlimited-timeout": {
            "version": "0.1.0",
            "resolved": "https://registry.npmjs.org/unlimited-timeout/-/unlimited-timeout-0.1.0.tgz",
            "integrity": "sha512-D4g+mxFeQGQHzCfnvij+R35ukJ0658Zzudw7j16p4tBBbNasKkKM4SocYxqhwT5xA7a9JYWDzKkEFyMlRi5sng==",
            "license": "MIT",
            "engines": {
                "node": ">=20"
            },
            "funding": {
                "url": "https://github.com/sponsors/sindresorhus"
            }
        },
        "node_modules/util": {
            "version": "0.10.4",
            "resolved": "https://registry.npmjs.org/util/-/util-0.10.4.tgz",
            "integrity": "sha512-0Pm9hTQ3se5ll1XihRic3FDIku70C+iHUdT/W926rSgHV5QgXsYbKZN8MSC3tJtSkhuROzvsQjAaFENRXr+19A==",
            "dependencies": {
                "inherits": "2.0.3"
            }
        },
        "node_modules/util/node_modules/inherits": {
            "version": "2.0.3",
            "resolved": "https://registry.npmjs.org/inherits/-/inherits-2.0.3.tgz",
            "integrity": "sha1-Yzwsg+PaQqUC9SRmAiSA9CCCYd4="
        },
        "node_modules/ws": {
            "version": "7.5.2",
            "resolved": "https://registry.npmjs.org/ws/-/ws-7.5.2.tgz",
            "integrity": "sha512-lkF7AWRicoB9mAgjeKbGqVUekLnSNO4VjKVnuPHpQeOxZOErX6BPXwJk70nFslRCEEA8EVW7ZjKwXaP9N+1sKQ==",
            "engines": {
                "node": ">=8.3.0"
            },
            "peerDependencies": {
                "bufferutil": "^4.0.1",
                "utf-8-validate": "^5.0.2"
            },
            "peerDependenciesMeta": {
                "bufferutil": {
                    "optional": true
                },
                "utf-8-validate": {
                    "optional": true
                }
            }
        },
        "node_modules/yallist": {
            "version": "4.0.0",
            "resolved": "https://registry.npmjs.org/yallist/-/yallist-4.0.0.tgz",
            "integrity": "sha512-3wdGidZyq5PB084XLES5TpOSRA3wjXAlIWMhum2kRcv/41Sn2emQ0dycQW4uZXLejwKvg6EsvbdlVL+FYEct7A=="
        }
    }
}
